// !$*UTF8*$!
{
	archiveVersion = 1;
	classes = {
	};
	objectVersion = 46;
	objects = {

/* Begin PBXBuildFile section */
		DA46DD561DDB26DB00A219E1 /* HomeViewController.swift in Sources */ = {isa = PBXBuildFile; fileRef = DA46DD551DDB26DB00A219E1 /* HomeViewController.swift */; };
		DA46DD581DDB471100A219E1 /* SettingsTableViewController.swift in Sources */ = {isa = PBXBuildFile; fileRef = DA46DD571DDB471000A219E1 /* SettingsTableViewController.swift */; };
		DAB0B4541DE08863001106D4 /* BluetoothSerial.swift in Sources */ = {isa = PBXBuildFile; fileRef = DAB0B4531DE08863001106D4 /* BluetoothSerial.swift */; };
		DACB2D2A1DD5B2640005BEF4 /* AppDelegate.swift in Sources */ = {isa = PBXBuildFile; fileRef = DACB2D291DD5B2640005BEF4 /* AppDelegate.swift */; };
		DACB2D311DD5B2640005BEF4 /* Main.storyboard in Resources */ = {isa = PBXBuildFile; fileRef = DACB2D2F1DD5B2640005BEF4 /* Main.storyboard */; };
		DACB2D331DD5B2640005BEF4 /* Assets.xcassets in Resources */ = {isa = PBXBuildFile; fileRef = DACB2D321DD5B2640005BEF4 /* Assets.xcassets */; };
		DACB2D411DD5B2640005BEF4 /* HydroPalTests.swift in Sources */ = {isa = PBXBuildFile; fileRef = DACB2D401DD5B2640005BEF4 /* HydroPalTests.swift */; };
		DACB2D4C1DD5B2640005BEF4 /* HydroPalUITests.swift in Sources */ = {isa = PBXBuildFile; fileRef = DACB2D4B1DD5B2640005BEF4 /* HydroPalUITests.swift */; };
		DAF97CF51DDDB72E007612A0 /* SexTableViewController.swift in Sources */ = {isa = PBXBuildFile; fileRef = DAF97CF41DDDB72E007612A0 /* SexTableViewController.swift */; };
		DAF97CF71DDDB740007612A0 /* TimeTableViewController.swift in Sources */ = {isa = PBXBuildFile; fileRef = DAF97CF61DDDB740007612A0 /* TimeTableViewController.swift */; };
/* End PBXBuildFile section */

/* Begin PBXContainerItemProxy section */
		DACB2D3D1DD5B2640005BEF4 /* PBXContainerItemProxy */ = {
			isa = PBXContainerItemProxy;
			containerPortal = DACB2D1E1DD5B2640005BEF4 /* Project object */;
			proxyType = 1;
			remoteGlobalIDString = DACB2D251DD5B2640005BEF4;
			remoteInfo = HydroPal;
		};
		DACB2D481DD5B2640005BEF4 /* PBXContainerItemProxy */ = {
			isa = PBXContainerItemProxy;
			containerPortal = DACB2D1E1DD5B2640005BEF4 /* Project object */;
			proxyType = 1;
			remoteGlobalIDString = DACB2D251DD5B2640005BEF4;
			remoteInfo = HydroPal;
		};
/* End PBXContainerItemProxy section */

/* Begin PBXCopyFilesBuildPhase section */
		DA1AAD281DD5B6A900C5B0BE /* Embed Frameworks */ = {
			isa = PBXCopyFilesBuildPhase;
			buildActionMask = 2147483647;
			dstPath = "";
			dstSubfolderSpec = 10;
			files = (
			);
			name = "Embed Frameworks";
			runOnlyForDeploymentPostprocessing = 0;
		};
/* End PBXCopyFilesBuildPhase section */

/* Begin PBXFileReference section */
		DA46DD551DDB26DB00A219E1 /* HomeViewController.swift */ = {isa = PBXFileReference; fileEncoding = 4; lastKnownFileType = sourcecode.swift; path = HomeViewController.swift; sourceTree = "<group>"; };
		DA46DD571DDB471000A219E1 /* SettingsTableViewController.swift */ = {isa = PBXFileReference; fileEncoding = 4; lastKnownFileType = sourcecode.swift; path = SettingsTableViewController.swift; sourceTree = "<group>"; };
		DAB0B4531DE08863001106D4 /* BluetoothSerial.swift */ = {isa = PBXFileReference; fileEncoding = 4; lastKnownFileType = sourcecode.swift; path = BluetoothSerial.swift; sourceTree = "<group>"; };
		DACB2D261DD5B2640005BEF4 /* HydroPal.app */ = {isa = PBXFileReference; explicitFileType = wrapper.application; includeInIndex = 0; path = HydroPal.app; sourceTree = BUILT_PRODUCTS_DIR; };
		DACB2D291DD5B2640005BEF4 /* AppDelegate.swift */ = {isa = PBXFileReference; lastKnownFileType = sourcecode.swift; path = AppDelegate.swift; sourceTree = "<group>"; };
		DACB2D301DD5B2640005BEF4 /* Base */ = {isa = PBXFileReference; lastKnownFileType = file.storyboard; name = Base; path = Base.lproj/Main.storyboard; sourceTree = "<group>"; };
		DACB2D321DD5B2640005BEF4 /* Assets.xcassets */ = {isa = PBXFileReference; lastKnownFileType = folder.assetcatalog; path = Assets.xcassets; sourceTree = "<group>"; };
		DACB2D371DD5B2640005BEF4 /* Info.plist */ = {isa = PBXFileReference; lastKnownFileType = text.plist.xml; path = Info.plist; sourceTree = "<group>"; };
		DACB2D3C1DD5B2640005BEF4 /* HydroPalTests.xctest */ = {isa = PBXFileReference; explicitFileType = wrapper.cfbundle; includeInIndex = 0; path = HydroPalTests.xctest; sourceTree = BUILT_PRODUCTS_DIR; };
		DACB2D401DD5B2640005BEF4 /* HydroPalTests.swift */ = {isa = PBXFileReference; lastKnownFileType = sourcecode.swift; path = HydroPalTests.swift; sourceTree = "<group>"; };
		DACB2D421DD5B2640005BEF4 /* Info.plist */ = {isa = PBXFileReference; lastKnownFileType = text.plist.xml; path = Info.plist; sourceTree = "<group>"; };
		DACB2D471DD5B2640005BEF4 /* HydroPalUITests.xctest */ = {isa = PBXFileReference; explicitFileType = wrapper.cfbundle; includeInIndex = 0; path = HydroPalUITests.xctest; sourceTree = BUILT_PRODUCTS_DIR; };
		DACB2D4B1DD5B2640005BEF4 /* HydroPalUITests.swift */ = {isa = PBXFileReference; lastKnownFileType = sourcecode.swift; path = HydroPalUITests.swift; sourceTree = "<group>"; };
		DACB2D4D1DD5B2640005BEF4 /* Info.plist */ = {isa = PBXFileReference; lastKnownFileType = text.plist.xml; path = Info.plist; sourceTree = "<group>"; };
		DAF97CF41DDDB72E007612A0 /* SexTableViewController.swift */ = {isa = PBXFileReference; fileEncoding = 4; lastKnownFileType = sourcecode.swift; path = SexTableViewController.swift; sourceTree = "<group>"; };
		DAF97CF61DDDB740007612A0 /* TimeTableViewController.swift */ = {isa = PBXFileReference; fileEncoding = 4; lastKnownFileType = sourcecode.swift; path = TimeTableViewController.swift; sourceTree = "<group>"; };
/* End PBXFileReference section */

/* Begin PBXFrameworksBuildPhase section */
		DACB2D231DD5B2640005BEF4 /* Frameworks */ = {
			isa = PBXFrameworksBuildPhase;
			buildActionMask = 2147483647;
			files = (
			);
			runOnlyForDeploymentPostprocessing = 0;
		};
		DACB2D391DD5B2640005BEF4 /* Frameworks */ = {
			isa = PBXFrameworksBuildPhase;
			buildActionMask = 2147483647;
			files = (
			);
			runOnlyForDeploymentPostprocessing = 0;
		};
		DACB2D441DD5B2640005BEF4 /* Frameworks */ = {
			isa = PBXFrameworksBuildPhase;
			buildActionMask = 2147483647;
			files = (
			);
			runOnlyForDeploymentPostprocessing = 0;
		};
/* End PBXFrameworksBuildPhase section */

/* Begin PBXGroup section */
		DACB2D1D1DD5B2640005BEF4 = {
			isa = PBXGroup;
			children = (
				DACB2D281DD5B2640005BEF4 /* HydroPal */,
				DACB2D3F1DD5B2640005BEF4 /* HydroPalTests */,
				DACB2D4A1DD5B2640005BEF4 /* HydroPalUITests */,
				DACB2D271DD5B2640005BEF4 /* Products */,
			);
			sourceTree = "<group>";
		};
		DACB2D271DD5B2640005BEF4 /* Products */ = {
			isa = PBXGroup;
			children = (
				DACB2D261DD5B2640005BEF4 /* HydroPal.app */,
				DACB2D3C1DD5B2640005BEF4 /* HydroPalTests.xctest */,
				DACB2D471DD5B2640005BEF4 /* HydroPalUITests.xctest */,
			);
			name = Products;
			sourceTree = "<group>";
		};
		DACB2D281DD5B2640005BEF4 /* HydroPal */ = {
			isa = PBXGroup;
			children = (
				DACB2D291DD5B2640005BEF4 /* AppDelegate.swift */,
				DA46DD551DDB26DB00A219E1 /* HomeViewController.swift */,
				DA46DD571DDB471000A219E1 /* SettingsTableViewController.swift */,
				DAB0B4531DE08863001106D4 /* BluetoothSerial.swift */,
				DAF97CF41DDDB72E007612A0 /* SexTableViewController.swift */,
				DAF97CF61DDDB740007612A0 /* TimeTableViewController.swift */,
				DACB2D2F1DD5B2640005BEF4 /* Main.storyboard */,
				DACB2D321DD5B2640005BEF4 /* Assets.xcassets */,
				DACB2D371DD5B2640005BEF4 /* Info.plist */,
			);
			path = HydroPal;
			sourceTree = "<group>";
		};
		DACB2D3F1DD5B2640005BEF4 /* HydroPalTests */ = {
			isa = PBXGroup;
			children = (
				DACB2D401DD5B2640005BEF4 /* HydroPalTests.swift */,
				DACB2D421DD5B2640005BEF4 /* Info.plist */,
			);
			path = HydroPalTests;
			sourceTree = "<group>";
		};
		DACB2D4A1DD5B2640005BEF4 /* HydroPalUITests */ = {
			isa = PBXGroup;
			children = (
				DACB2D4B1DD5B2640005BEF4 /* HydroPalUITests.swift */,
				DACB2D4D1DD5B2640005BEF4 /* Info.plist */,
			);
			path = HydroPalUITests;
			sourceTree = "<group>";
		};
/* End PBXGroup section */

/* Begin PBXNativeTarget section */
		DACB2D251DD5B2640005BEF4 /* HydroPal */ = {
			isa = PBXNativeTarget;
			buildConfigurationList = DACB2D501DD5B2640005BEF4 /* Build configuration list for PBXNativeTarget "HydroPal" */;
			buildPhases = (
				DACB2D221DD5B2640005BEF4 /* Sources */,
				DACB2D231DD5B2640005BEF4 /* Frameworks */,
				DACB2D241DD5B2640005BEF4 /* Resources */,
				DA1AAD281DD5B6A900C5B0BE /* Embed Frameworks */,
			);
			buildRules = (
			);
			dependencies = (
			);
			name = HydroPal;
			productName = HydroPal;
			productReference = DACB2D261DD5B2640005BEF4 /* HydroPal.app */;
			productType = "com.apple.product-type.application";
		};
		DACB2D3B1DD5B2640005BEF4 /* HydroPalTests */ = {
			isa = PBXNativeTarget;
			buildConfigurationList = DACB2D531DD5B2640005BEF4 /* Build configuration list for PBXNativeTarget "HydroPalTests" */;
			buildPhases = (
				DACB2D381DD5B2640005BEF4 /* Sources */,
				DACB2D391DD5B2640005BEF4 /* Frameworks */,
				DACB2D3A1DD5B2640005BEF4 /* Resources */,
			);
			buildRules = (
			);
			dependencies = (
				DACB2D3E1DD5B2640005BEF4 /* PBXTargetDependency */,
			);
			name = HydroPalTests;
			productName = HydroPalTests;
			productReference = DACB2D3C1DD5B2640005BEF4 /* HydroPalTests.xctest */;
			productType = "com.apple.product-type.bundle.unit-test";
		};
		DACB2D461DD5B2640005BEF4 /* HydroPalUITests */ = {
			isa = PBXNativeTarget;
			buildConfigurationList = DACB2D561DD5B2640005BEF4 /* Build configuration list for PBXNativeTarget "HydroPalUITests" */;
			buildPhases = (
				DACB2D431DD5B2640005BEF4 /* Sources */,
				DACB2D441DD5B2640005BEF4 /* Frameworks */,
				DACB2D451DD5B2640005BEF4 /* Resources */,
			);
			buildRules = (
			);
			dependencies = (
				DACB2D491DD5B2640005BEF4 /* PBXTargetDependency */,
			);
			name = HydroPalUITests;
			productName = HydroPalUITests;
			productReference = DACB2D471DD5B2640005BEF4 /* HydroPalUITests.xctest */;
			productType = "com.apple.product-type.bundle.ui-testing";
		};
/* End PBXNativeTarget section */

/* Begin PBXProject section */
		DACB2D1E1DD5B2640005BEF4 /* Project object */ = {
			isa = PBXProject;
			attributes = {
				LastSwiftUpdateCheck = 0800;
				LastUpgradeCheck = 0810;
				ORGANIZATIONNAME = HydroPal;
				TargetAttributes = {
					DACB2D251DD5B2640005BEF4 = {
						CreatedOnToolsVersion = 8.0;
						DevelopmentTeam = CFLB4U9W9D;
						ProvisioningStyle = Automatic;
					};
					DACB2D3B1DD5B2640005BEF4 = {
						CreatedOnToolsVersion = 8.0;
						DevelopmentTeam = CFLB4U9W9D;
						ProvisioningStyle = Automatic;
						TestTargetID = DACB2D251DD5B2640005BEF4;
					};
					DACB2D461DD5B2640005BEF4 = {
						CreatedOnToolsVersion = 8.0;
						DevelopmentTeam = CFLB4U9W9D;
						ProvisioningStyle = Automatic;
						TestTargetID = DACB2D251DD5B2640005BEF4;
					};
				};
			};
			buildConfigurationList = DACB2D211DD5B2640005BEF4 /* Build configuration list for PBXProject "HydroPal" */;
			compatibilityVersion = "Xcode 3.2";
			developmentRegion = English;
			hasScannedForEncodings = 0;
			knownRegions = (
				en,
				Base,
			);
			mainGroup = DACB2D1D1DD5B2640005BEF4;
			productRefGroup = DACB2D271DD5B2640005BEF4 /* Products */;
			projectDirPath = "";
			projectRoot = "";
			targets = (
				DACB2D251DD5B2640005BEF4 /* HydroPal */,
				DACB2D3B1DD5B2640005BEF4 /* HydroPalTests */,
				DACB2D461DD5B2640005BEF4 /* HydroPalUITests */,
			);
		};
/* End PBXProject section */

/* Begin PBXResourcesBuildPhase section */
		DACB2D241DD5B2640005BEF4 /* Resources */ = {
			isa = PBXResourcesBuildPhase;
			buildActionMask = 2147483647;
			files = (
				DACB2D331DD5B2640005BEF4 /* Assets.xcassets in Resources */,
				DACB2D311DD5B2640005BEF4 /* Main.storyboard in Resources */,
			);
			runOnlyForDeploymentPostprocessing = 0;
		};
		DACB2D3A1DD5B2640005BEF4 /* Resources */ = {
			isa = PBXResourcesBuildPhase;
			buildActionMask = 2147483647;
			files = (
			);
			runOnlyForDeploymentPostprocessing = 0;
		};
		DACB2D451DD5B2640005BEF4 /* Resources */ = {
			isa = PBXResourcesBuildPhase;
			buildActionMask = 2147483647;
			files = (
			);
			runOnlyForDeploymentPostprocessing = 0;
		};
/* End PBXResourcesBuildPhase section */

/* Begin PBXSourcesBuildPhase section */
		DACB2D221DD5B2640005BEF4 /* Sources */ = {
			isa = PBXSourcesBuildPhase;
			buildActionMask = 2147483647;
			files = (
				DACB2D2A1DD5B2640005BEF4 /* AppDelegate.swift in Sources */,
				DA46DD561DDB26DB00A219E1 /* HomeViewController.swift in Sources */,
				DAB0B4541DE08863001106D4 /* BluetoothSerial.swift in Sources */,
				DAF97CF71DDDB740007612A0 /* TimeTableViewController.swift in Sources */,
				DA46DD581DDB471100A219E1 /* SettingsTableViewController.swift in Sources */,
				DAF97CF51DDDB72E007612A0 /* SexTableViewController.swift in Sources */,
			);
			runOnlyForDeploymentPostprocessing = 0;
		};
		DACB2D381DD5B2640005BEF4 /* Sources */ = {
			isa = PBXSourcesBuildPhase;
			buildActionMask = 2147483647;
			files = (
				DACB2D411DD5B2640005BEF4 /* HydroPalTests.swift in Sources */,
			);
			runOnlyForDeploymentPostprocessing = 0;
		};
		DACB2D431DD5B2640005BEF4 /* Sources */ = {
			isa = PBXSourcesBuildPhase;
			buildActionMask = 2147483647;
			files = (
				DACB2D4C1DD5B2640005BEF4 /* HydroPalUITests.swift in Sources */,
			);
			runOnlyForDeploymentPostprocessing = 0;
		};
/* End PBXSourcesBuildPhase section */

/* Begin PBXTargetDependency section */
		DACB2D3E1DD5B2640005BEF4 /* PBXTargetDependency */ = {
			isa = PBXTargetDependency;
			target = DACB2D251DD5B2640005BEF4 /* HydroPal */;
			targetProxy = DACB2D3D1DD5B2640005BEF4 /* PBXContainerItemProxy */;
		};
		DACB2D491DD5B2640005BEF4 /* PBXTargetDependency */ = {
			isa = PBXTargetDependency;
			target = DACB2D251DD5B2640005BEF4 /* HydroPal */;
			targetProxy = DACB2D481DD5B2640005BEF4 /* PBXContainerItemProxy */;
		};
/* End PBXTargetDependency section */

/* Begin PBXVariantGroup section */
		DACB2D2F1DD5B2640005BEF4 /* Main.storyboard */ = {
			isa = PBXVariantGroup;
			children = (
				DACB2D301DD5B2640005BEF4 /* Base */,
			);
			name = Main.storyboard;
			sourceTree = "<group>";
		};
/* End PBXVariantGroup section */

/* Begin XCBuildConfiguration section */
		DACB2D4E1DD5B2640005BEF4 /* Debug */ = {
			isa = XCBuildConfiguration;
			buildSettings = {
				ALWAYS_SEARCH_USER_PATHS = NO;
				CLANG_ANALYZER_NONNULL = YES;
				CLANG_CXX_LANGUAGE_STANDARD = "gnu++0x";
				CLANG_CXX_LIBRARY = "libc++";
				CLANG_ENABLE_MODULES = YES;
				CLANG_ENABLE_OBJC_ARC = YES;
				CLANG_WARN_BOOL_CONVERSION = YES;
				CLANG_WARN_CONSTANT_CONVERSION = YES;
				CLANG_WARN_DIRECT_OBJC_ISA_USAGE = YES_ERROR;
				CLANG_WARN_DOCUMENTATION_COMMENTS = YES;
				CLANG_WARN_EMPTY_BODY = YES;
				CLANG_WARN_ENUM_CONVERSION = YES;
				CLANG_WARN_INFINITE_RECURSION = YES;
				CLANG_WARN_INT_CONVERSION = YES;
				CLANG_WARN_OBJC_ROOT_CLASS = YES_ERROR;
				CLANG_WARN_SUSPICIOUS_MOVE = YES;
				CLANG_WARN_SUSPICIOUS_MOVES = YES;
				CLANG_WARN_UNREACHABLE_CODE = YES;
				CLANG_WARN__DUPLICATE_METHOD_MATCH = YES;
				"CODE_SIGN_IDENTITY[sdk=iphoneos*]" = "iPhone Developer";
				COPY_PHASE_STRIP = NO;
				DEBUG_INFORMATION_FORMAT = dwarf;
				ENABLE_STRICT_OBJC_MSGSEND = YES;
				ENABLE_TESTABILITY = YES;
				GCC_C_LANGUAGE_STANDARD = gnu99;
				GCC_DYNAMIC_NO_PIC = NO;
				GCC_NO_COMMON_BLOCKS = YES;
				GCC_OPTIMIZATION_LEVEL = 0;
				GCC_PREPROCESSOR_DEFINITIONS = (
					"DEBUG=1",
					"$(inherited)",
				);
				GCC_WARN_64_TO_32_BIT_CONVERSION = YES;
				GCC_WARN_ABOUT_RETURN_TYPE = YES_ERROR;
				GCC_WARN_UNDECLARED_SELECTOR = YES;
				GCC_WARN_UNINITIALIZED_AUTOS = YES_AGGRESSIVE;
				GCC_WARN_UNUSED_FUNCTION = YES;
				GCC_WARN_UNUSED_VARIABLE = YES;
				IPHONEOS_DEPLOYMENT_TARGET = 10.0;
				MTL_ENABLE_DEBUG_INFO = YES;
				ONLY_ACTIVE_ARCH = YES;
				SDKROOT = iphoneos;
				SWIFT_ACTIVE_COMPILATION_CONDITIONS = DEBUG;
				SWIFT_OPTIMIZATION_LEVEL = "-Onone";
				TARGETED_DEVICE_FAMILY = "1,2";
			};
			name = Debug;
		};
		DACB2D4F1DD5B2640005BEF4 /* Release */ = {
			isa = XCBuildConfiguration;
			buildSettings = {
				ALWAYS_SEARCH_USER_PATHS = NO;
				CLANG_ANALYZER_NONNULL = YES;
				CLANG_CXX_LANGUAGE_STANDARD = "gnu++0x";
				CLANG_CXX_LIBRARY = "libc++";
				CLANG_ENABLE_MODULES = YES;
				CLANG_ENABLE_OBJC_ARC = YES;
				CLANG_WARN_BOOL_CONVERSION = YES;
				CLANG_WARN_CONSTANT_CONVERSION = YES;
				CLANG_WARN_DIRECT_OBJC_ISA_USAGE = YES_ERROR;
				CLANG_WARN_DOCUMENTATION_COMMENTS = YES;
				CLANG_WARN_EMPTY_BODY = YES;
				CLANG_WARN_ENUM_CONVERSION = YES;
				CLANG_WARN_INFINITE_RECURSION = YES;
				CLANG_WARN_INT_CONVERSION = YES;
				CLANG_WARN_OBJC_ROOT_CLASS = YES_ERROR;
				CLANG_WARN_SUSPICIOUS_MOVE = YES;
				CLANG_WARN_SUSPICIOUS_MOVES = YES;
				CLANG_WARN_UNREACHABLE_CODE = YES;
				CLANG_WARN__DUPLICATE_METHOD_MATCH = YES;
				"CODE_SIGN_IDENTITY[sdk=iphoneos*]" = "iPhone Developer";
				COPY_PHASE_STRIP = NO;
				DEBUG_INFORMATION_FORMAT = "dwarf-with-dsym";
				ENABLE_NS_ASSERTIONS = NO;
				ENABLE_STRICT_OBJC_MSGSEND = YES;
				GCC_C_LANGUAGE_STANDARD = gnu99;
				GCC_NO_COMMON_BLOCKS = YES;
				GCC_WARN_64_TO_32_BIT_CONVERSION = YES;
				GCC_WARN_ABOUT_RETURN_TYPE = YES_ERROR;
				GCC_WARN_UNDECLARED_SELECTOR = YES;
				GCC_WARN_UNINITIALIZED_AUTOS = YES_AGGRESSIVE;
				GCC_WARN_UNUSED_FUNCTION = YES;
				GCC_WARN_UNUSED_VARIABLE = YES;
				IPHONEOS_DEPLOYMENT_TARGET = 10.0;
				MTL_ENABLE_DEBUG_INFO = NO;
				SDKROOT = iphoneos;
				SWIFT_OPTIMIZATION_LEVEL = "-Owholemodule";
				TARGETED_DEVICE_FAMILY = "1,2";
				VALIDATE_PRODUCT = YES;
			};
			name = Release;
		};
		DACB2D511DD5B2640005BEF4 /* Debug */ = {
			isa = XCBuildConfiguration;
			buildSettings = {
				ASSETCATALOG_COMPILER_APPICON_NAME = AppIcon;
				DEVELOPMENT_TEAM = CFLB4U9W9D;
				FRAMEWORK_SEARCH_PATHS = (
					"$(inherited)",
					"$(PROJECT_DIR)",
				);
				INFOPLIST_FILE = HydroPal/Info.plist;
				IPHONEOS_DEPLOYMENT_TARGET = 9.0;
				LD_RUNPATH_SEARCH_PATHS = "$(inherited) @executable_path/Frameworks";
				PRODUCT_BUNDLE_IDENTIFIER = HydroPal.HydroPal;
				PRODUCT_NAME = "$(TARGET_NAME)";
				SWIFT_VERSION = 3.0;
			};
			name = Debug;
		};
		DACB2D521DD5B2640005BEF4 /* Release */ = {
			isa = XCBuildConfiguration;
			buildSettings = {
				ASSETCATALOG_COMPILER_APPICON_NAME = AppIcon;
				DEVELOPMENT_TEAM = CFLB4U9W9D;
				FRAMEWORK_SEARCH_PATHS = (
					"$(inherited)",
					"$(PROJECT_DIR)",
				);
				INFOPLIST_FILE = HydroPal/Info.plist;
				IPHONEOS_DEPLOYMENT_TARGET = 9.0;
				LD_RUNPATH_SEARCH_PATHS = "$(inherited) @executable_path/Frameworks";
				PRODUCT_BUNDLE_IDENTIFIER = HydroPal.HydroPal;
				PRODUCT_NAME = "$(TARGET_NAME)";
				SWIFT_VERSION = 3.0;
			};
			name = Release;
		};
		DACB2D541DD5B2640005BEF4 /* Debug */ = {
			isa = XCBuildConfiguration;
			buildSettings = {
				ALWAYS_EMBED_SWIFT_STANDARD_LIBRARIES = YES;
				BUNDLE_LOADER = "$(TEST_HOST)";
				DEVELOPMENT_TEAM = CFLB4U9W9D;
				INFOPLIST_FILE = HydroPalTests/Info.plist;
				LD_RUNPATH_SEARCH_PATHS = "$(inherited) @executable_path/Frameworks @loader_path/Frameworks";
				PRODUCT_BUNDLE_IDENTIFIER = HydroPal.HydroPalTests;
				PRODUCT_NAME = "$(TARGET_NAME)";
				SWIFT_VERSION = 3.0;
				TEST_HOST = "$(BUILT_PRODUCTS_DIR)/HydroPal.app/HydroPal";
			};
			name = Debug;
		};
		DACB2D551DD5B2640005BEF4 /* Release */ = {
			isa = XCBuildConfiguration;
			buildSettings = {
				ALWAYS_EMBED_SWIFT_STANDARD_LIBRARIES = YES;
				BUNDLE_LOADER = "$(TEST_HOST)";
				DEVELOPMENT_TEAM = CFLB4U9W9D;
				INFOPLIST_FILE = HydroPalTests/Info.plist;
				LD_RUNPATH_SEARCH_PATHS = "$(inherited) @executable_path/Frameworks @loader_path/Frameworks";
				PRODUCT_BUNDLE_IDENTIFIER = HydroPal.HydroPalTests;
				PRODUCT_NAME = "$(TARGET_NAME)";
				SWIFT_VERSION = 3.0;
				TEST_HOST = "$(BUILT_PRODUCTS_DIR)/HydroPal.app/HydroPal";
			};
			name = Release;
		};
		DACB2D571DD5B2640005BEF4 /* Debug */ = {
			isa = XCBuildConfiguration;
			buildSettings = {
				ALWAYS_EMBED_SWIFT_STANDARD_LIBRARIES = YES;
				DEVELOPMENT_TEAM = CFLB4U9W9D;
				INFOPLIST_FILE = HydroPalUITests/Info.plist;
				LD_RUNPATH_SEARCH_PATHS = "$(inherited) @executable_path/Frameworks @loader_path/Frameworks";
				PRODUCT_BUNDLE_IDENTIFIER = HydroPal.HydroPalUITests;
				PRODUCT_NAME = "$(TARGET_NAME)";
				SWIFT_VERSION = 3.0;
				TEST_TARGET_NAME = HydroPal;
			};
			name = Debug;
		};
		DACB2D581DD5B2640005BEF4 /* Release */ = {
			isa = XCBuildConfiguration;
			buildSettings = {
				ALWAYS_EMBED_SWIFT_STANDARD_LIBRARIES = YES;
				DEVELOPMENT_TEAM = CFLB4U9W9D;
				INFOPLIST_FILE = HydroPalUITests/Info.plist;
				LD_RUNPATH_SEARCH_PATHS = "$(inherited) @executable_path/Frameworks @loader_path/Frameworks";
				PRODUCT_BUNDLE_IDENTIFIER = HydroPal.HydroPalUITests;
				PRODUCT_NAME = "$(TARGET_NAME)";
				SWIFT_VERSION = 3.0;
				TEST_TARGET_NAME = HydroPal;
			};
			name = Release;
		};
/* End XCBuildConfiguration section */

/* Begin XCConfigurationList section */
		DACB2D211DD5B2640005BEF4 /* Build configuration list for PBXProject "HydroPal" */ = {
			isa = XCConfigurationList;
			buildConfigurations = (
				DACB2D4E1DD5B2640005BEF4 /* Debug */,
				DACB2D4F1DD5B2640005BEF4 /* Release */,
			);
			defaultConfigurationIsVisible = 0;
			defaultConfigurationName = Release;
		};
		DACB2D501DD5B2640005BEF4 /* Build configuration list for PBXNativeTarget "HydroPal" */ = {
			isa = XCConfigurationList;
			buildConfigurations = (
				DACB2D511DD5B2640005BEF4 /* Debug */,
				DACB2D521DD5B2640005BEF4 /* Release */,
			);
			defaultConfigurationIsVisible = 0;
			defaultConfigurationName = Release;
		};
		DACB2D531DD5B2640005BEF4 /* Build configuration list for PBXNativeTarget "HydroPalTests" */ = {
			isa = XCConfigurationList;
			buildConfigurations = (
				DACB2D541DD5B2640005BEF4 /* Debug */,
				DACB2D551DD5B2640005BEF4 /* Release */,
			);
			defaultConfigurationIsVisible = 0;
			defaultConfigurationName = Release;
		};
		DACB2D561DD5B2640005BEF4 /* Build configuration list for PBXNativeTarget "HydroPalUITests" */ = {
			isa = XCConfigurationList;
			buildConfigurations = (
				DACB2D571DD5B2640005BEF4 /* Debug */,
				DACB2D581DD5B2640005BEF4 /* Release */,
			);
			defaultConfigurationIsVisible = 0;
			defaultConfigurationName = Release;
		};
/* End XCConfigurationList section */
	};
	rootObject = DACB2D1E1DD5B2640005BEF4 /* Project object */;
}
